<?xml version="1.0" encoding="utf-8"?>
<Solution>

  <!--
    The v3.1 solution, in the XML-based .slnx format.

    Open this file in Visual Studio 2022 (17.10 or later, with the "XML
    solution explorer" preview feature on 17.10-17.12, or out of the box on
    17.13+) and press F5. BarangayDocumentSystem is the only startup
    project, so there is nothing to set.

    The dotnet CLI understands .slnx from SDK 9.0.200 onwards; on an 8.0.x
    SDK, build the project directly:

        dotnet build BarangayDocumentSystem.csproj
        dotnet run   --project BarangayDocumentSystem
  -->

  <Project Path="BarangayDocumentSystem.csproj"
           Id="6f4a2d31-0001-4000-9000-000000000001" />

  <Project Path="tests/RuleChecks/RuleChecks.csproj"
           Id="6f4a2d31-0002-4000-9000-000000000002" />

  <SolutionProperties />

</Solution>
